
Microsoft Visual Studio Solution File, Format Version 12.00
# Visual Studio 15
VisualStudioVersion = 15.0.28307.168
MinimumVisualStudioVersion = 10.0.40219.1
Project("{FAE04EC0-301F-11D3-BF4B-00C04F79EFBC}") = "HW3", "HW3\HW3.csproj", "{FFB3089A-50AC-47AC-9419-0FFFA43EBDD5}"
EndProject
Project("{FAE04EC0-301F-11D3-BF4B-00C04F79EFBC}") = "HW4", "HW4\HW4.csproj", "{91E697CA-F2AA-47D2-AA4D-210D385CAEB2}"
EndProject
Global
	GlobalSection(SolutionConfigurationPlatforms) = preSolution
		Debug|Any CPU = Debug|Any CPU
		Release|Any CPU = Release|Any CPU
	EndGlobalSection
	GlobalSection(ProjectConfigurationPlatforms) = postSolution
		{FFB3089A-50AC-47AC-9419-0FFFA43EBDD5}.Debug|Any CPU.ActiveCfg = Debug|Any CPU
		{FFB3089A-50AC-47AC-9419-0FFFA43EBDD5}.Debug|Any CPU.Build.0 = Debug|Any CPU
		{FFB3089A-50AC-47AC-9419-0FFFA43EBDD5}.Release|Any CPU.ActiveCfg = Release|Any CPU
		{FFB3089A-50AC-47AC-9419-0FFFA43EBDD5}.Release|Any CPU.Build.0 = Release|Any CPU
		{91E697CA-F2AA-47D2-AA4D-210D385CAEB2}.Debug|Any CPU.ActiveCfg = Debug|Any CPU
		{91E697CA-F2AA-47D2-AA4D-210D385CAEB2}.Debug|Any CPU.Build.0 = Debug|Any CPU
		{91E697CA-F2AA-47D2-AA4D-210D385CAEB2}.Release|Any CPU.ActiveCfg = Release|Any CPU
		{91E697CA-F2AA-47D2-AA4D-210D385CAEB2}.Release|Any CPU.Build.0 = Release|Any CPU
	EndGlobalSection
	GlobalSection(SolutionProperties) = preSolution
		HideSolutionNode = FALSE
	EndGlobalSection
	GlobalSection(ExtensibilityGlobals) = postSolution
		SolutionGuid = {F47D8C9B-0B9F-4E16-BA1C-EC9045D68B12}
	EndGlobalSection
EndGlobal
